// !$*UTF8*$!
{
	archiveVersion = 1;
	classes = {
	};
	objectVersion = 77;
	objects = {

/* Begin PBXBuildFile section */
		7A72C02A2DD73E5100BECAFC /* EmojiKit in Frameworks */ = {isa = PBXBuildFile; productRef = 7A72C0292DD73E5100BECAFC /* EmojiKit */; };
		7AC498B12DB01A0800211243 /* GoogleSignIn in Frameworks */ = {isa = PBXBuildFile; productRef = 7AC498B02DB01A0800211243 /* GoogleSignIn */; };
		7AC498B32DB01A0800211243 /* GoogleSignInSwift in Frameworks */ = {isa = PBXBuildFile; productRef = 7AC498B22DB01A0800211243 /* GoogleSignInSwift */; };
		7AC498B62DB0206700211243 /* GoogleAPIClientForRESTCore in Frameworks */ = {isa = PBXBuildFile; productRef = 7AC498B52DB0206700211243 /* GoogleAPIClientForRESTCore */; };
		7AC498CC2DB08E8200211243 /* GoogleAPIClientForREST_Calendar in Frameworks */ = {isa = PBXBuildFile; productRef = 7AC498CB2DB08E8200211243 /* GoogleAPIClientForREST_Calendar */; };
		7AC498E92DB0BB2600211243 /* GTMSessionFetcher in Frameworks */ = {isa = PBXBuildFile; productRef = 7AC498E82DB0BB2600211243 /* GTMSessionFetcher */; };
		7AC498EB2DB0BB2600211243 /* GTMSessionFetcherCore in Frameworks */ = {isa = PBXBuildFile; productRef = 7AC498EA2DB0BB2600211243 /* GTMSessionFetcherCore */; };
		7AC498F22DB1DE6600211243 /* AppAuth in Frameworks */ = {isa = PBXBuildFile; productRef = 7AC498F12DB1DE6600211243 /* AppAuth */; };
		7AC498F42DB1DE6600211243 /* AppAuthCore in Frameworks */ = {isa = PBXBuildFile; productRef = 7AC498F32DB1DE6600211243 /* AppAuthCore */; };
		7AC498F62DB1F13900211243 /* GTMSessionFetcherFull in Frameworks */ = {isa = PBXBuildFile; productRef = 7AC498F52DB1F13900211243 /* GTMSessionFetcherFull */; };
		7AC498FF2DB1F5BF00211243 /* GTMAppAuth in Frameworks */ = {isa = PBXBuildFile; productRef = 7AC498FE2DB1F5BF00211243 /* GTMAppAuth */; };
/* End PBXBuildFile section */

/* Begin PBXContainerItemProxy section */
		7A857C952D840062005657C7 /* PBXContainerItemProxy */ = {
			isa = PBXContainerItemProxy;
			containerPortal = 7A857C7C2D840060005657C7 /* Project object */;
			proxyType = 1;
			remoteGlobalIDString = 7A857C832D840061005657C7;
			remoteInfo = SmartTask;
		};
		7A857C9F2D840062005657C7 /* PBXContainerItemProxy */ = {
			isa = PBXContainerItemProxy;
			containerPortal = 7A857C7C2D840060005657C7 /* Project object */;
			proxyType = 1;
			remoteGlobalIDString = 7A857C832D840061005657C7;
			remoteInfo = SmartTask;
		};
/* End PBXContainerItemProxy section */

/* Begin PBXFileReference section */
		7A857C842D840061005657C7 /* SmartTask.app */ = {isa = PBXFileReference; explicitFileType = wrapper.application; includeInIndex = 0; path = SmartTask.app; sourceTree = BUILT_PRODUCTS_DIR; };
		7A857C942D840062005657C7 /* SmartTaskTests.xctest */ = {isa = PBXFileReference; explicitFileType = wrapper.cfbundle; includeInIndex = 0; path = SmartTaskTests.xctest; sourceTree = BUILT_PRODUCTS_DIR; };
		7A857C9E2D840062005657C7 /* SmartTaskUITests.xctest */ = {isa = PBXFileReference; explicitFileType = wrapper.cfbundle; includeInIndex = 0; path = SmartTaskUITests.xctest; sourceTree = BUILT_PRODUCTS_DIR; };
/* End PBXFileReference section */

/* Begin PBXFileSystemSynchronizedBuildFileExceptionSet section */
		7AC498C02DB0208D00211243 /* Exceptions for "SmartTask" folder in "SmartTask" target */ = {
			isa = PBXFileSystemSynchronizedBuildFileExceptionSet;
			membershipExceptions = (
				Info.plist,
			);
			target = 7A857C832D840061005657C7 /* SmartTask */;
		};
/* End PBXFileSystemSynchronizedBuildFileExceptionSet section */

/* Begin PBXFileSystemSynchronizedRootGroup section */
		7A7E11B72DDCDE7C002B4654 /* BackendNotes */ = {
			isa = PBXFileSystemSynchronizedRootGroup;
			path = BackendNotes;
			sourceTree = "<group>";
		};
		7A857C862D840061005657C7 /* SmartTask */ = {
			isa = PBXFileSystemSynchronizedRootGroup;
			exceptions = (
				7AC498C02DB0208D00211243 /* Exceptions for "SmartTask" folder in "SmartTask" target */,
			);
			path = SmartTask;
			sourceTree = "<group>";
		};
		7A857C972D840062005657C7 /* SmartTaskTests */ = {
			isa = PBXFileSystemSynchronizedRootGroup;
			path = SmartTaskTests;
			sourceTree = "<group>";
		};
		7A857CA12D840062005657C7 /* SmartTaskUITests */ = {
			isa = PBXFileSystemSynchronizedRootGroup;
			path = SmartTaskUITests;
			sourceTree = "<group>";
		};
		7A857CB22D8400E6005657C7 /* Models */ = {
			isa = PBXFileSystemSynchronizedRootGroup;
			path = Models;
			sourceTree = "<group>";
		};
		7A857CB32D8400FC005657C7 /* ViewModels */ = {
			isa = PBXFileSystemSynchronizedRootGroup;
			path = ViewModels;
			sourceTree = "<group>";
		};
		7A857CB72D840139005657C7 /* Views */ = {
			isa = PBXFileSystemSynchronizedRootGroup;
			path = Views;
			sourceTree = "<group>";
		};
		7A857CE72D8402DB005657C7 /* Utils */ = {
			isa = PBXFileSystemSynchronizedRootGroup;
			path = Utils;
			sourceTree = "<group>";
		};
		7AD3CA362D84176400CC06F6 /* Services */ = {
			isa = PBXFileSystemSynchronizedRootGroup;
			path = Services;
			sourceTree = "<group>";
		};
/* End PBXFileSystemSynchronizedRootGroup section */

/* Begin PBXFrameworksBuildPhase section */
		7A857C812D840061005657C7 /* Frameworks */ = {
			isa = PBXFrameworksBuildPhase;
			buildActionMask = 2147483647;
			files = (
				7AC498EB2DB0BB2600211243 /* GTMSessionFetcherCore in Frameworks */,
				7AC498FF2DB1F5BF00211243 /* GTMAppAuth in Frameworks */,
				7AC498F62DB1F13900211243 /* GTMSessionFetcherFull in Frameworks */,
				7AC498E92DB0BB2600211243 /* GTMSessionFetcher in Frameworks */,
				7A72C02A2DD73E5100BECAFC /* EmojiKit in Frameworks */,
				7AC498F42DB1DE6600211243 /* AppAuthCore in Frameworks */,
				7AC498F22DB1DE6600211243 /* AppAuth in Frameworks */,
				7AC498B12DB01A0800211243 /* GoogleSignIn in Frameworks */,
				7AC498CC2DB08E8200211243 /* GoogleAPIClientForREST_Calendar in Frameworks */,
				7AC498B62DB0206700211243 /* GoogleAPIClientForRESTCore in Frameworks */,
				7AC498B32DB01A0800211243 /* GoogleSignInSwift in Frameworks */,
			);
			runOnlyForDeploymentPostprocessing = 0;
		};
		7A857C912D840062005657C7 /* Frameworks */ = {
			isa = PBXFrameworksBuildPhase;
			buildActionMask = 2147483647;
			files = (
			);
			runOnlyForDeploymentPostprocessing = 0;
		};
		7A857C9B2D840062005657C7 /* Frameworks */ = {
			isa = PBXFrameworksBuildPhase;
			buildActionMask = 2147483647;
			files = (
			);
			runOnlyForDeploymentPostprocessing = 0;
		};
/* End PBXFrameworksBuildPhase section */

/* Begin PBXGroup section */
		7A857C7B2D840060005657C7 = {
			isa = PBXGroup;
			children = (
				7A857C862D840061005657C7 /* SmartTask */,
				7A857C972D840062005657C7 /* SmartTaskTests */,
				7A857CA12D840062005657C7 /* SmartTaskUITests */,
				7A857C852D840061005657C7 /* Products */,
				7A857CB22D8400E6005657C7 /* Models */,
				7A857CB32D8400FC005657C7 /* ViewModels */,
				7A857CB72D840139005657C7 /* Views */,
				7A857CE72D8402DB005657C7 /* Utils */,
				7AD3CA362D84176400CC06F6 /* Services */,
				7A7E11B72DDCDE7C002B4654 /* BackendNotes */,
				7AC498CA2DB08E8200211243 /* Frameworks */,
			);
			sourceTree = "<group>";
		};
		7A857C852D840061005657C7 /* Products */ = {
			isa = PBXGroup;
			children = (
				7A857C842D840061005657C7 /* SmartTask.app */,
				7A857C942D840062005657C7 /* SmartTaskTests.xctest */,
				7A857C9E2D840062005657C7 /* SmartTaskUITests.xctest */,
			);
			name = Products;
			sourceTree = "<group>";
		};
		7AC498CA2DB08E8200211243 /* Frameworks */ = {
			isa = PBXGroup;
			children = (
			);
			name = Frameworks;
			sourceTree = "<group>";
		};
/* End PBXGroup section */

/* Begin PBXNativeTarget section */
		7A857C832D840061005657C7 /* SmartTask */ = {
			isa = PBXNativeTarget;
			buildConfigurationList = 7A857CA82D840062005657C7 /* Build configuration list for PBXNativeTarget "SmartTask" */;
			buildPhases = (
				7A857C802D840061005657C7 /* Sources */,
				7A857C812D840061005657C7 /* Frameworks */,
				7A857C822D840061005657C7 /* Resources */,
			);
			buildRules = (
			);
			dependencies = (
			);
			fileSystemSynchronizedGroups = (
				7A7E11B72DDCDE7C002B4654 /* BackendNotes */,
				7A857C862D840061005657C7 /* SmartTask */,
				7A857CB22D8400E6005657C7 /* Models */,
				7A857CB32D8400FC005657C7 /* ViewModels */,
				7A857CB72D840139005657C7 /* Views */,
				7A857CE72D8402DB005657C7 /* Utils */,
				7AD3CA362D84176400CC06F6 /* Services */,
			);
			name = SmartTask;
			packageProductDependencies = (
				7AC498B02DB01A0800211243 /* GoogleSignIn */,
				7AC498B22DB01A0800211243 /* GoogleSignInSwift */,
				7AC498B52DB0206700211243 /* GoogleAPIClientForRESTCore */,
				7AC498CB2DB08E8200211243 /* GoogleAPIClientForREST_Calendar */,
				7AC498E82DB0BB2600211243 /* GTMSessionFetcher */,
				7AC498EA2DB0BB2600211243 /* GTMSessionFetcherCore */,
				7AC498F12DB1DE6600211243 /* AppAuth */,
				7AC498F32DB1DE6600211243 /* AppAuthCore */,
				7AC498F52DB1F13900211243 /* GTMSessionFetcherFull */,
				7AC498FE2DB1F5BF00211243 /* GTMAppAuth */,
				7A72C0292DD73E5100BECAFC /* EmojiKit */,
			);
			productName = SmartTask;
			productReference = 7A857C842D840061005657C7 /* SmartTask.app */;
			productType = "com.apple.product-type.application";
		};
		7A857C932D840062005657C7 /* SmartTaskTests */ = {
			isa = PBXNativeTarget;
			buildConfigurationList = 7A857CAB2D840062005657C7 /* Build configuration list for PBXNativeTarget "SmartTaskTests" */;
			buildPhases = (
				7A857C902D840062005657C7 /* Sources */,
				7A857C912D840062005657C7 /* Frameworks */,
				7A857C922D840062005657C7 /* Resources */,
			);
			buildRules = (
			);
			dependencies = (
				7A857C962D840062005657C7 /* PBXTargetDependency */,
			);
			fileSystemSynchronizedGroups = (
				7A857C972D840062005657C7 /* SmartTaskTests */,
			);
			name = SmartTaskTests;
			packageProductDependencies = (
			);
			productName = SmartTaskTests;
			productReference = 7A857C942D840062005657C7 /* SmartTaskTests.xctest */;
			productType = "com.apple.product-type.bundle.unit-test";
		};
		7A857C9D2D840062005657C7 /* SmartTaskUITests */ = {
			isa = PBXNativeTarget;
			buildConfigurationList = 7A857CAE2D840062005657C7 /* Build configuration list for PBXNativeTarget "SmartTaskUITests" */;
			buildPhases = (
				7A857C9A2D840062005657C7 /* Sources */,
				7A857C9B2D840062005657C7 /* Frameworks */,
				7A857C9C2D840062005657C7 /* Resources */,
			);
			buildRules = (
			);
			dependencies = (
				7A857CA02D840062005657C7 /* PBXTargetDependency */,
			);
			fileSystemSynchronizedGroups = (
				7A857CA12D840062005657C7 /* SmartTaskUITests */,
			);
			name = SmartTaskUITests;
			packageProductDependencies = (
			);
			productName = SmartTaskUITests;
			productReference = 7A857C9E2D840062005657C7 /* SmartTaskUITests.xctest */;
			productType = "com.apple.product-type.bundle.ui-testing";
		};
/* End PBXNativeTarget section */

/* Begin PBXProject section */
		7A857C7C2D840060005657C7 /* Project object */ = {
			isa = PBXProject;
			attributes = {
				BuildIndependentTargetsInParallel = 1;
				LastSwiftUpdateCheck = 1620;
				LastUpgradeCheck = 1620;
				TargetAttributes = {
					7A857C832D840061005657C7 = {
						CreatedOnToolsVersion = 16.2;
					};
					7A857C932D840062005657C7 = {
						CreatedOnToolsVersion = 16.2;
						TestTargetID = 7A857C832D840061005657C7;
					};
					7A857C9D2D840062005657C7 = {
						CreatedOnToolsVersion = 16.2;
						TestTargetID = 7A857C832D840061005657C7;
					};
				};
			};
			buildConfigurationList = 7A857C7F2D840060005657C7 /* Build configuration list for PBXProject "SmartTask" */;
			developmentRegion = en;
			hasScannedForEncodings = 0;
			knownRegions = (
				en,
				Base,
			);
			mainGroup = 7A857C7B2D840060005657C7;
			minimizedProjectReferenceProxies = 1;
			packageReferences = (
				7AC498AF2DB01A0800211243 /* XCRemoteSwiftPackageReference "GoogleSignIn-iOS" */,
				7AC498B42DB0206700211243 /* XCRemoteSwiftPackageReference "google-api-objectivec-client-for-rest" */,
				7AC498E72DB0BB2600211243 /* XCRemoteSwiftPackageReference "gtm-session-fetcher" */,
				7AC498F02DB1DE6600211243 /* XCRemoteSwiftPackageReference "AppAuth-iOS" */,
				7AC498FD2DB1F5BF00211243 /* XCRemoteSwiftPackageReference "GTMAppAuth" */,
				7A72C0282DD73E5100BECAFC /* XCRemoteSwiftPackageReference "EmojiKit" */,
			);
			preferredProjectObjectVersion = 77;
			productRefGroup = 7A857C852D840061005657C7 /* Products */;
			projectDirPath = "";
			projectRoot = "";
			targets = (
				7A857C832D840061005657C7 /* SmartTask */,
				7A857C932D840062005657C7 /* SmartTaskTests */,
				7A857C9D2D840062005657C7 /* SmartTaskUITests */,
			);
		};
/* End PBXProject section */

/* Begin PBXResourcesBuildPhase section */
		7A857C822D840061005657C7 /* Resources */ = {
			isa = PBXResourcesBuildPhase;
			buildActionMask = 2147483647;
			files = (
			);
			runOnlyForDeploymentPostprocessing = 0;
		};
		7A857C922D840062005657C7 /* Resources */ = {
			isa = PBXResourcesBuildPhase;
			buildActionMask = 2147483647;
			files = (
			);
			runOnlyForDeploymentPostprocessing = 0;
		};
		7A857C9C2D840062005657C7 /* Resources */ = {
			isa = PBXResourcesBuildPhase;
			buildActionMask = 2147483647;
			files = (
			);
			runOnlyForDeploymentPostprocessing = 0;
		};
/* End PBXResourcesBuildPhase section */

/* Begin PBXSourcesBuildPhase section */
		7A857C802D840061005657C7 /* Sources */ = {
			isa = PBXSourcesBuildPhase;
			buildActionMask = 2147483647;
			files = (
			);
			runOnlyForDeploymentPostprocessing = 0;
		};
		7A857C902D840062005657C7 /* Sources */ = {
			isa = PBXSourcesBuildPhase;
			buildActionMask = 2147483647;
			files = (
			);
			runOnlyForDeploymentPostprocessing = 0;
		};
		7A857C9A2D840062005657C7 /* Sources */ = {
			isa = PBXSourcesBuildPhase;
			buildActionMask = 2147483647;
			files = (
			);
			runOnlyForDeploymentPostprocessing = 0;
		};
/* End PBXSourcesBuildPhase section */

/* Begin PBXTargetDependency section */
		7A857C962D840062005657C7 /* PBXTargetDependency */ = {
			isa = PBXTargetDependency;
			target = 7A857C832D840061005657C7 /* SmartTask */;
			targetProxy = 7A857C952D840062005657C7 /* PBXContainerItemProxy */;
		};
		7A857CA02D840062005657C7 /* PBXTargetDependency */ = {
			isa = PBXTargetDependency;
			target = 7A857C832D840061005657C7 /* SmartTask */;
			targetProxy = 7A857C9F2D840062005657C7 /* PBXContainerItemProxy */;
		};
/* End PBXTargetDependency section */

/* Begin XCBuildConfiguration section */
		7A857CA62D840062005657C7 /* Debug */ = {
			isa = XCBuildConfiguration;
			buildSettings = {
				ALWAYS_SEARCH_USER_PATHS = NO;
				ASSETCATALOG_COMPILER_GENERATE_SWIFT_ASSET_SYMBOL_EXTENSIONS = YES;
				CLANG_ANALYZER_NONNULL = YES;
				CLANG_ANALYZER_NUMBER_OBJECT_CONVERSION = YES_AGGRESSIVE;
				CLANG_CXX_LANGUAGE_STANDARD = "gnu++20";
				CLANG_ENABLE_MODULES = YES;
				CLANG_ENABLE_OBJC_ARC = YES;
				CLANG_ENABLE_OBJC_WEAK = YES;
				CLANG_WARN_BLOCK_CAPTURE_AUTORELEASING = YES;
				CLANG_WARN_BOOL_CONVERSION = YES;
				CLANG_WARN_COMMA = YES;
				CLANG_WARN_CONSTANT_CONVERSION = YES;
				CLANG_WARN_DEPRECATED_OBJC_IMPLEMENTATIONS = YES;
				CLANG_WARN_DIRECT_OBJC_ISA_USAGE = YES_ERROR;
				CLANG_WARN_DOCUMENTATION_COMMENTS = YES;
				CLANG_WARN_EMPTY_BODY = YES;
				CLANG_WARN_ENUM_CONVERSION = YES;
				CLANG_WARN_INFINITE_RECURSION = YES;
				CLANG_WARN_INT_CONVERSION = YES;
				CLANG_WARN_NON_LITERAL_NULL_CONVERSION = YES;
				CLANG_WARN_OBJC_IMPLICIT_RETAIN_SELF = YES;
				CLANG_WARN_OBJC_LITERAL_CONVERSION = YES;
				CLANG_WARN_OBJC_ROOT_CLASS = YES_ERROR;
				CLANG_WARN_QUOTED_INCLUDE_IN_FRAMEWORK_HEADER = YES;
				CLANG_WARN_RANGE_LOOP_ANALYSIS = YES;
				CLANG_WARN_STRICT_PROTOTYPES = YES;
				CLANG_WARN_SUSPICIOUS_MOVE = YES;
				CLANG_WARN_UNGUARDED_AVAILABILITY = YES_AGGRESSIVE;
				CLANG_WARN_UNREACHABLE_CODE = YES;
				CLANG_WARN__DUPLICATE_METHOD_MATCH = YES;
				COPY_PHASE_STRIP = NO;
				DEBUG_INFORMATION_FORMAT = dwarf;
				ENABLE_STRICT_OBJC_MSGSEND = YES;
				ENABLE_TESTABILITY = YES;
				ENABLE_USER_SCRIPT_SANDBOXING = YES;
				GCC_C_LANGUAGE_STANDARD = gnu17;
				GCC_DYNAMIC_NO_PIC = NO;
				GCC_NO_COMMON_BLOCKS = YES;
				GCC_OPTIMIZATION_LEVEL = 0;
				GCC_PREPROCESSOR_DEFINITIONS = (
					"DEBUG=1",
					"$(inherited)",
				);
				GCC_WARN_64_TO_32_BIT_CONVERSION = YES;
				GCC_WARN_ABOUT_RETURN_TYPE = YES_ERROR;
				GCC_WARN_UNDECLARED_SELECTOR = YES;
				GCC_WARN_UNINITIALIZED_AUTOS = YES_AGGRESSIVE;
				GCC_WARN_UNUSED_FUNCTION = YES;
				GCC_WARN_UNUSED_VARIABLE = YES;
				IPHONEOS_DEPLOYMENT_TARGET = 18.2;
				LOCALIZATION_PREFERS_STRING_CATALOGS = YES;
				MTL_ENABLE_DEBUG_INFO = INCLUDE_SOURCE;
				MTL_FAST_MATH = YES;
				ONLY_ACTIVE_ARCH = YES;
				SDKROOT = iphoneos;
				SWIFT_ACTIVE_COMPILATION_CONDITIONS = "DEBUG $(inherited)";
				SWIFT_OPTIMIZATION_LEVEL = "-Onone";
			};
			name = Debug;
		};
		7A857CA72D840062005657C7 /* Release */ = {
			isa = XCBuildConfiguration;
			buildSettings = {
				ALWAYS_SEARCH_USER_PATHS = NO;
				ASSETCATALOG_COMPILER_GENERATE_SWIFT_ASSET_SYMBOL_EXTENSIONS = YES;
				CLANG_ANALYZER_NONNULL = YES;
				CLANG_ANALYZER_NUMBER_OBJECT_CONVERSION = YES_AGGRESSIVE;
				CLANG_CXX_LANGUAGE_STANDARD = "gnu++20";
				CLANG_ENABLE_MODULES = YES;
				CLANG_ENABLE_OBJC_ARC = YES;
				CLANG_ENABLE_OBJC_WEAK = YES;
				CLANG_WARN_BLOCK_CAPTURE_AUTORELEASING = YES;
				CLANG_WARN_BOOL_CONVERSION = YES;
				CLANG_WARN_COMMA = YES;
				CLANG_WARN_CONSTANT_CONVERSION = YES;
				CLANG_WARN_DEPRECATED_OBJC_IMPLEMENTATIONS = YES;
				CLANG_WARN_DIRECT_OBJC_ISA_USAGE = YES_ERROR;
				CLANG_WARN_DOCUMENTATION_COMMENTS = YES;
				CLANG_WARN_EMPTY_BODY = YES;
				CLANG_WARN_ENUM_CONVERSION = YES;
				CLANG_WARN_INFINITE_RECURSION = YES;
				CLANG_WARN_INT_CONVERSION = YES;
				CLANG_WARN_NON_LITERAL_NULL_CONVERSION = YES;
				CLANG_WARN_OBJC_IMPLICIT_RETAIN_SELF = YES;
				CLANG_WARN_OBJC_LITERAL_CONVERSION = YES;
				CLANG_WARN_OBJC_ROOT_CLASS = YES_ERROR;
				CLANG_WARN_QUOTED_INCLUDE_IN_FRAMEWORK_HEADER = YES;
				CLANG_WARN_RANGE_LOOP_ANALYSIS = YES;
				CLANG_WARN_STRICT_PROTOTYPES = YES;
				CLANG_WARN_SUSPICIOUS_MOVE = YES;
				CLANG_WARN_UNGUARDED_AVAILABILITY = YES_AGGRESSIVE;
				CLANG_WARN_UNREACHABLE_CODE = YES;
				CLANG_WARN__DUPLICATE_METHOD_MATCH = YES;
				COPY_PHASE_STRIP = NO;
				DEBUG_INFORMATION_FORMAT = "dwarf-with-dsym";
				ENABLE_NS_ASSERTIONS = NO;
				ENABLE_STRICT_OBJC_MSGSEND = YES;
				ENABLE_USER_SCRIPT_SANDBOXING = YES;
				GCC_C_LANGUAGE_STANDARD = gnu17;
				GCC_NO_COMMON_BLOCKS = YES;
				GCC_WARN_64_TO_32_BIT_CONVERSION = YES;
				GCC_WARN_ABOUT_RETURN_TYPE = YES_ERROR;
				GCC_WARN_UNDECLARED_SELECTOR = YES;
				GCC_WARN_UNINITIALIZED_AUTOS = YES_AGGRESSIVE;
				GCC_WARN_UNUSED_FUNCTION = YES;
				GCC_WARN_UNUSED_VARIABLE = YES;
				IPHONEOS_DEPLOYMENT_TARGET = 18.2;
				LOCALIZATION_PREFERS_STRING_CATALOGS = YES;
				MTL_ENABLE_DEBUG_INFO = NO;
				MTL_FAST_MATH = YES;
				SDKROOT = iphoneos;
				SWIFT_COMPILATION_MODE = wholemodule;
				VALIDATE_PRODUCT = YES;
			};
			name = Release;
		};
		7A857CA92D840062005657C7 /* Debug */ = {
			isa = XCBuildConfiguration;
			buildSettings = {
				ASSETCATALOG_COMPILER_APPICON_NAME = AppIcon;
				ASSETCATALOG_COMPILER_GLOBAL_ACCENT_COLOR_NAME = AccentColor;
				CODE_SIGN_STYLE = Automatic;
				CURRENT_PROJECT_VERSION = 1;
				DEVELOPMENT_ASSET_PATHS = "\"SmartTask/Preview Content\"";
				DEVELOPMENT_TEAM = M47BB5RR2A;
				ENABLE_PREVIEWS = YES;
				GENERATE_INFOPLIST_FILE = YES;
				INFOPLIST_FILE = SmartTask/Info.plist;
				INFOPLIST_KEY_UIApplicationSceneManifest_Generation = YES;
				INFOPLIST_KEY_UIApplicationSupportsIndirectInputEvents = YES;
				INFOPLIST_KEY_UILaunchScreen_Generation = YES;
				INFOPLIST_KEY_UISupportedInterfaceOrientations_iPad = "UIInterfaceOrientationPortrait UIInterfaceOrientationPortraitUpsideDown UIInterfaceOrientationLandscapeLeft UIInterfaceOrientationLandscapeRight";
				INFOPLIST_KEY_UISupportedInterfaceOrientations_iPhone = "UIInterfaceOrientationPortrait UIInterfaceOrientationLandscapeLeft UIInterfaceOrientationLandscapeRight";
				LD_RUNPATH_SEARCH_PATHS = (
					"$(inherited)",
					"@executable_path/Frameworks",
				);
				MARKETING_VERSION = 1.0;
				PRODUCT_BUNDLE_IDENTIFIER = loinguyen.com.SmartTask;
				PRODUCT_NAME = "$(TARGET_NAME)";
				SWIFT_EMIT_LOC_STRINGS = YES;
				SWIFT_VERSION = 5.0;
				TARGETED_DEVICE_FAMILY = "1,2";
			};
			name = Debug;
		};
		7A857CAA2D840062005657C7 /* Release */ = {
			isa = XCBuildConfiguration;
			buildSettings = {
				ASSETCATALOG_COMPILER_APPICON_NAME = AppIcon;
				ASSETCATALOG_COMPILER_GLOBAL_ACCENT_COLOR_NAME = AccentColor;
				CODE_SIGN_STYLE = Automatic;
				CURRENT_PROJECT_VERSION = 1;
				DEVELOPMENT_ASSET_PATHS = "\"SmartTask/Preview Content\"";
				DEVELOPMENT_TEAM = M47BB5RR2A;
				ENABLE_PREVIEWS = YES;
				GENERATE_INFOPLIST_FILE = YES;
				INFOPLIST_FILE = SmartTask/Info.plist;
				INFOPLIST_KEY_UIApplicationSceneManifest_Generation = YES;
				INFOPLIST_KEY_UIApplicationSupportsIndirectInputEvents = YES;
				INFOPLIST_KEY_UILaunchScreen_Generation = YES;
				INFOPLIST_KEY_UISupportedInterfaceOrientations_iPad = "UIInterfaceOrientationPortrait UIInterfaceOrientationPortraitUpsideDown UIInterfaceOrientationLandscapeLeft UIInterfaceOrientationLandscapeRight";
				INFOPLIST_KEY_UISupportedInterfaceOrientations_iPhone = "UIInterfaceOrientationPortrait UIInterfaceOrientationLandscapeLeft UIInterfaceOrientationLandscapeRight";
				LD_RUNPATH_SEARCH_PATHS = (
					"$(inherited)",
					"@executable_path/Frameworks",
				);
				MARKETING_VERSION = 1.0;
				PRODUCT_BUNDLE_IDENTIFIER = loinguyen.com.SmartTask;
				PRODUCT_NAME = "$(TARGET_NAME)";
				SWIFT_EMIT_LOC_STRINGS = YES;
				SWIFT_VERSION = 5.0;
				TARGETED_DEVICE_FAMILY = "1,2";
			};
			name = Release;
		};
		7A857CAC2D840062005657C7 /* Debug */ = {
			isa = XCBuildConfiguration;
			buildSettings = {
				BUNDLE_LOADER = "$(TEST_HOST)";
				CODE_SIGN_STYLE = Automatic;
				CURRENT_PROJECT_VERSION = 1;
				DEVELOPMENT_TEAM = M47BB5RR2A;
				GENERATE_INFOPLIST_FILE = YES;
				IPHONEOS_DEPLOYMENT_TARGET = 18.2;
				MARKETING_VERSION = 1.0;
				PRODUCT_BUNDLE_IDENTIFIER = loinguyen.com.SmartTaskTests;
				PRODUCT_NAME = "$(TARGET_NAME)";
				SWIFT_EMIT_LOC_STRINGS = NO;
				SWIFT_VERSION = 5.0;
				TARGETED_DEVICE_FAMILY = "1,2";
				TEST_HOST = "$(BUILT_PRODUCTS_DIR)/SmartTask.app/$(BUNDLE_EXECUTABLE_FOLDER_PATH)/SmartTask";
			};
			name = Debug;
		};
		7A857CAD2D840062005657C7 /* Release */ = {
			isa = XCBuildConfiguration;
			buildSettings = {
				BUNDLE_LOADER = "$(TEST_HOST)";
				CODE_SIGN_STYLE = Automatic;
				CURRENT_PROJECT_VERSION = 1;
				DEVELOPMENT_TEAM = M47BB5RR2A;
				GENERATE_INFOPLIST_FILE = YES;
				IPHONEOS_DEPLOYMENT_TARGET = 18.2;
				MARKETING_VERSION = 1.0;
				PRODUCT_BUNDLE_IDENTIFIER = loinguyen.com.SmartTaskTests;
				PRODUCT_NAME = "$(TARGET_NAME)";
				SWIFT_EMIT_LOC_STRINGS = NO;
				SWIFT_VERSION = 5.0;
				TARGETED_DEVICE_FAMILY = "1,2";
				TEST_HOST = "$(BUILT_PRODUCTS_DIR)/SmartTask.app/$(BUNDLE_EXECUTABLE_FOLDER_PATH)/SmartTask";
			};
			name = Release;
		};
		7A857CAF2D840062005657C7 /* Debug */ = {
			isa = XCBuildConfiguration;
			buildSettings = {
				CODE_SIGN_STYLE = Automatic;
				CURRENT_PROJECT_VERSION = 1;
				DEVELOPMENT_TEAM = M47BB5RR2A;
				GENERATE_INFOPLIST_FILE = YES;
				MARKETING_VERSION = 1.0;
				PRODUCT_BUNDLE_IDENTIFIER = loinguyen.com.SmartTaskUITests;
				PRODUCT_NAME = "$(TARGET_NAME)";
				SWIFT_EMIT_LOC_STRINGS = NO;
				SWIFT_VERSION = 5.0;
				TARGETED_DEVICE_FAMILY = "1,2";
				TEST_TARGET_NAME = SmartTask;
			};
			name = Debug;
		};
		7A857CB02D840062005657C7 /* Release */ = {
			isa = XCBuildConfiguration;
			buildSettings = {
				CODE_SIGN_STYLE = Automatic;
				CURRENT_PROJECT_VERSION = 1;
				DEVELOPMENT_TEAM = M47BB5RR2A;
				GENERATE_INFOPLIST_FILE = YES;
				MARKETING_VERSION = 1.0;
				PRODUCT_BUNDLE_IDENTIFIER = loinguyen.com.SmartTaskUITests;
				PRODUCT_NAME = "$(TARGET_NAME)";
				SWIFT_EMIT_LOC_STRINGS = NO;
				SWIFT_VERSION = 5.0;
				TARGETED_DEVICE_FAMILY = "1,2";
				TEST_TARGET_NAME = SmartTask;
			};
			name = Release;
		};
/* End XCBuildConfiguration section */

/* Begin XCConfigurationList section */
		7A857C7F2D840060005657C7 /* Build configuration list for PBXProject "SmartTask" */ = {
			isa = XCConfigurationList;
			buildConfigurations = (
				7A857CA62D840062005657C7 /* Debug */,
				7A857CA72D840062005657C7 /* Release */,
			);
			defaultConfigurationIsVisible = 0;
			defaultConfigurationName = Release;
		};
		7A857CA82D840062005657C7 /* Build configuration list for PBXNativeTarget "SmartTask" */ = {
			isa = XCConfigurationList;
			buildConfigurations = (
				7A857CA92D840062005657C7 /* Debug */,
				7A857CAA2D840062005657C7 /* Release */,
			);
			defaultConfigurationIsVisible = 0;
			defaultConfigurationName = Release;
		};
		7A857CAB2D840062005657C7 /* Build configuration list for PBXNativeTarget "SmartTaskTests" */ = {
			isa = XCConfigurationList;
			buildConfigurations = (
				7A857CAC2D840062005657C7 /* Debug */,
				7A857CAD2D840062005657C7 /* Release */,
			);
			defaultConfigurationIsVisible = 0;
			defaultConfigurationName = Release;
		};
		7A857CAE2D840062005657C7 /* Build configuration list for PBXNativeTarget "SmartTaskUITests" */ = {
			isa = XCConfigurationList;
			buildConfigurations = (
				7A857CAF2D840062005657C7 /* Debug */,
				7A857CB02D840062005657C7 /* Release */,
			);
			defaultConfigurationIsVisible = 0;
			defaultConfigurationName = Release;
		};
/* End XCConfigurationList section */

/* Begin XCRemoteSwiftPackageReference section */
		7A72C0282DD73E5100BECAFC /* XCRemoteSwiftPackageReference "EmojiKit" */ = {
			isa = XCRemoteSwiftPackageReference;
			repositoryURL = "https://github.com/danielsaidi/EmojiKit.git";
			requirement = {
				kind = upToNextMajorVersion;
				minimumVersion = 1.7.2;
			};
		};
		7AC498AF2DB01A0800211243 /* XCRemoteSwiftPackageReference "GoogleSignIn-iOS" */ = {
			isa = XCRemoteSwiftPackageReference;
			repositoryURL = "https://github.com/google/GoogleSignIn-iOS";
			requirement = {
				kind = upToNextMajorVersion;
				minimumVersion = 8.0.0;
			};
		};
		7AC498B42DB0206700211243 /* XCRemoteSwiftPackageReference "google-api-objectivec-client-for-rest" */ = {
			isa = XCRemoteSwiftPackageReference;
			repositoryURL = "https://github.com/google/google-api-objectivec-client-for-rest";
			requirement = {
				branch = main;
				kind = branch;
			};
		};
		7AC498E72DB0BB2600211243 /* XCRemoteSwiftPackageReference "gtm-session-fetcher" */ = {
			isa = XCRemoteSwiftPackageReference;
			repositoryURL = "https://github.com/google/gtm-session-fetcher.git";
			requirement = {
				branch = main;
				kind = branch;
			};
		};
		7AC498F02DB1DE6600211243 /* XCRemoteSwiftPackageReference "AppAuth-iOS" */ = {
			isa = XCRemoteSwiftPackageReference;
			repositoryURL = "https://github.com/openid/AppAuth-iOS";
			requirement = {
				kind = upToNextMajorVersion;
				minimumVersion = 1.7.6;
			};
		};
		7AC498FD2DB1F5BF00211243 /* XCRemoteSwiftPackageReference "GTMAppAuth" */ = {
			isa = XCRemoteSwiftPackageReference;
			repositoryURL = "https://github.com/google/GTMAppAuth";
			requirement = {
				kind = upToNextMinorVersion;
				minimumVersion = 4.1.1;
			};
		};
/* End XCRemoteSwiftPackageReference section */

/* Begin XCSwiftPackageProductDependency section */
		7A72C0292DD73E5100BECAFC /* EmojiKit */ = {
			isa = XCSwiftPackageProductDependency;
			package = 7A72C0282DD73E5100BECAFC /* XCRemoteSwiftPackageReference "EmojiKit" */;
			productName = EmojiKit;
		};
		7AC498B02DB01A0800211243 /* GoogleSignIn */ = {
			isa = XCSwiftPackageProductDependency;
			package = 7AC498AF2DB01A0800211243 /* XCRemoteSwiftPackageReference "GoogleSignIn-iOS" */;
			productName = GoogleSignIn;
		};
		7AC498B22DB01A0800211243 /* GoogleSignInSwift */ = {
			isa = XCSwiftPackageProductDependency;
			package = 7AC498AF2DB01A0800211243 /* XCRemoteSwiftPackageReference "GoogleSignIn-iOS" */;
			productName = GoogleSignInSwift;
		};
		7AC498B52DB0206700211243 /* GoogleAPIClientForRESTCore */ = {
			isa = XCSwiftPackageProductDependency;
			package = 7AC498B42DB0206700211243 /* XCRemoteSwiftPackageReference "google-api-objectivec-client-for-rest" */;
			productName = GoogleAPIClientForRESTCore;
		};
		7AC498CB2DB08E8200211243 /* GoogleAPIClientForREST_Calendar */ = {
			isa = XCSwiftPackageProductDependency;
			package = 7AC498B42DB0206700211243 /* XCRemoteSwiftPackageReference "google-api-objectivec-client-for-rest" */;
			productName = GoogleAPIClientForREST_Calendar;
		};
		7AC498E82DB0BB2600211243 /* GTMSessionFetcher */ = {
			isa = XCSwiftPackageProductDependency;
			package = 7AC498E72DB0BB2600211243 /* XCRemoteSwiftPackageReference "gtm-session-fetcher" */;
			productName = GTMSessionFetcher;
		};
		7AC498EA2DB0BB2600211243 /* GTMSessionFetcherCore */ = {
			isa = XCSwiftPackageProductDependency;
			package = 7AC498E72DB0BB2600211243 /* XCRemoteSwiftPackageReference "gtm-session-fetcher" */;
			productName = GTMSessionFetcherCore;
		};
		7AC498F12DB1DE6600211243 /* AppAuth */ = {
			isa = XCSwiftPackageProductDependency;
			package = 7AC498F02DB1DE6600211243 /* XCRemoteSwiftPackageReference "AppAuth-iOS" */;
			productName = AppAuth;
		};
		7AC498F32DB1DE6600211243 /* AppAuthCore */ = {
			isa = XCSwiftPackageProductDependency;
			package = 7AC498F02DB1DE6600211243 /* XCRemoteSwiftPackageReference "AppAuth-iOS" */;
			productName = AppAuthCore;
		};
		7AC498F52DB1F13900211243 /* GTMSessionFetcherFull */ = {
			isa = XCSwiftPackageProductDependency;
			package = 7AC498E72DB0BB2600211243 /* XCRemoteSwiftPackageReference "gtm-session-fetcher" */;
			productName = GTMSessionFetcherFull;
		};
		7AC498FE2DB1F5BF00211243 /* GTMAppAuth */ = {
			isa = XCSwiftPackageProductDependency;
			package = 7AC498FD2DB1F5BF00211243 /* XCRemoteSwiftPackageReference "GTMAppAuth" */;
			productName = GTMAppAuth;
		};
/* End XCSwiftPackageProductDependency section */
	};
	rootObject = 7A857C7C2D840060005657C7 /* Project object */;
}
